
Microsoft Visual Studio Solution File, Format Version 12.00
# Visual Studio Version 17
VisualStudioVersion = 17.9.34902.65
MinimumVisualStudioVersion = 10.0.40219.1
Project("{FAE04EC0-301F-11D3-BF4B-00C04F79EFBC}") = "DmlStarterkit", "DmlStarterkit\DmlStarterkit.csproj", "{BA7E468E-A02B-40D8-BE40-AE246E8A9CF9}"
EndProject
Project("{FAE04EC0-301F-11D3-BF4B-00C04F79EFBC}") = "DmlStarterkit.Application", "DmlStarterkit.Application\DmlStarterkit.Application.csproj", "{84411189-4A10-4F4B-876A-9B33031816FE}"
EndProject
Project("{FAE04EC0-301F-11D3-BF4B-00C04F79EFBC}") = "DmlStarterkit.Persistance", "DmlStarterkit.Persistance\DmlStarterkit.Persistance.csproj", "{5A827A96-B04F-4CFD-8B7C-EDE35D224620}"
EndProject
Project("{FAE04EC0-301F-11D3-BF4B-00C04F79EFBC}") = "DmlStarterkit.Domain", "DmlStarterkit.Domain\DmlStarterkit.Domain.csproj", "{2E6F5508-043A-4DBA-B788-0A893B16EF09}"
EndProject
Project("{FAE04EC0-301F-11D3-BF4B-00C04F79EFBC}") = "DmlStarterkit.Infrastructure", "DmlStarterkit.Infrastructure\DmlStarterkit.Infrastructure.csproj", "{6C9FE3E1-AEE5-4311-B233-C2DA61FA8E24}"
EndProject
Global
	GlobalSection(SolutionConfigurationPlatforms) = preSolution
		Debug|Any CPU = Debug|Any CPU
		Release|Any CPU = Release|Any CPU
	EndGlobalSection
	GlobalSection(ProjectConfigurationPlatforms) = postSolution
		{BA7E468E-A02B-40D8-BE40-AE246E8A9CF9}.Debug|Any CPU.ActiveCfg = Debug|Any CPU
		{BA7E468E-A02B-40D8-BE40-AE246E8A9CF9}.Debug|Any CPU.Build.0 = Debug|Any CPU
		{BA7E468E-A02B-40D8-BE40-AE246E8A9CF9}.Release|Any CPU.ActiveCfg = Release|Any CPU
		{BA7E468E-A02B-40D8-BE40-AE246E8A9CF9}.Release|Any CPU.Build.0 = Release|Any CPU
		{84411189-4A10-4F4B-876A-9B33031816FE}.Debug|Any CPU.ActiveCfg = Debug|Any CPU
		{84411189-4A10-4F4B-876A-9B33031816FE}.Debug|Any CPU.Build.0 = Debug|Any CPU
		{84411189-4A10-4F4B-876A-9B33031816FE}.Release|Any CPU.ActiveCfg = Release|Any CPU
		{84411189-4A10-4F4B-876A-9B33031816FE}.Release|Any CPU.Build.0 = Release|Any CPU
		{5A827A96-B04F-4CFD-8B7C-EDE35D224620}.Debug|Any CPU.ActiveCfg = Debug|Any CPU
		{5A827A96-B04F-4CFD-8B7C-EDE35D224620}.Debug|Any CPU.Build.0 = Debug|Any CPU
		{5A827A96-B04F-4CFD-8B7C-EDE35D224620}.Release|Any CPU.ActiveCfg = Release|Any CPU
		{5A827A96-B04F-4CFD-8B7C-EDE35D224620}.Release|Any CPU.Build.0 = Release|Any CPU
		{2E6F5508-043A-4DBA-B788-0A893B16EF09}.Debug|Any CPU.ActiveCfg = Debug|Any CPU
		{2E6F5508-043A-4DBA-B788-0A893B16EF09}.Debug|Any CPU.Build.0 = Debug|Any CPU
		{2E6F5508-043A-4DBA-B788-0A893B16EF09}.Release|Any CPU.ActiveCfg = Release|Any CPU
		{2E6F5508-043A-4DBA-B788-0A893B16EF09}.Release|Any CPU.Build.0 = Release|Any CPU
		{6C9FE3E1-AEE5-4311-B233-C2DA61FA8E24}.Debug|Any CPU.ActiveCfg = Debug|Any CPU
		{6C9FE3E1-AEE5-4311-B233-C2DA61FA8E24}.Debug|Any CPU.Build.0 = Debug|Any CPU
		{6C9FE3E1-AEE5-4311-B233-C2DA61FA8E24}.Release|Any CPU.ActiveCfg = Release|Any CPU
		{6C9FE3E1-AEE5-4311-B233-C2DA61FA8E24}.Release|Any CPU.Build.0 = Release|Any CPU
	EndGlobalSection
	GlobalSection(SolutionProperties) = preSolution
		HideSolutionNode = FALSE
	EndGlobalSection
	GlobalSection(ExtensibilityGlobals) = postSolution
		SolutionGuid = {45EA3499-8EFD-44B1-AE5D-E1ADFCB75084}
	EndGlobalSection
EndGlobal
